
Microsoft Visual Studio Solution File, Format Version 12.00
# Visual Studio Version 17
VisualStudioVersion = 17.9.34728.123
MinimumVisualStudioVersion = 10.0.40219.1
Project("{9A19103F-16F7-4668-BE54-9A1E7A4F7556}") = "BackendApi", "BackendApi\BackendApi.csproj", "{36893167-F65B-43C6-B5B4-AFA463351BE9}"
EndProject
Project("{FAE04EC0-301F-11D3-BF4B-00C04F79EFBC}") = "DataAccessLayer", "DataAccessLayer\DataAccessLayer.csproj", "{190422F4-AFC4-4A2E-ABBB-B2D1D804FEC8}"
EndProject
Project("{FAE04EC0-301F-11D3-BF4B-00C04F79EFBC}") = "BusinessLogicLayer", "BusinessLogicLayer\BusinessLogicLayer.csproj", "{90AF1F40-1CF5-4082-A523-B9049A94BBE5}"
EndProject
Project("{FAE04EC0-301F-11D3-BF4B-00C04F79EFBC}") = "DomainModels", "DomainModels\DomainModels.csproj", "{7C291DC8-7EC9-4081-A180-023C43D6C214}"
EndProject
Project("{FAE04EC0-301F-11D3-BF4B-00C04F79EFBC}") = "DataTransferObjects", "DataTransferObjects\DataTransferObjects.csproj", "{32176AE1-DA96-4ED0-B7A4-2ABBA871F398}"
EndProject
Global
	GlobalSection(SolutionConfigurationPlatforms) = preSolution
		Debug|Any CPU = Debug|Any CPU
		Release|Any CPU = Release|Any CPU
	EndGlobalSection
	GlobalSection(ProjectConfigurationPlatforms) = postSolution
		{36893167-F65B-43C6-B5B4-AFA463351BE9}.Debug|Any CPU.ActiveCfg = Debug|Any CPU
		{36893167-F65B-43C6-B5B4-AFA463351BE9}.Debug|Any CPU.Build.0 = Debug|Any CPU
		{36893167-F65B-43C6-B5B4-AFA463351BE9}.Release|Any CPU.ActiveCfg = Release|Any CPU
		{36893167-F65B-43C6-B5B4-AFA463351BE9}.Release|Any CPU.Build.0 = Release|Any CPU
		{190422F4-AFC4-4A2E-ABBB-B2D1D804FEC8}.Debug|Any CPU.ActiveCfg = Debug|Any CPU
		{190422F4-AFC4-4A2E-ABBB-B2D1D804FEC8}.Debug|Any CPU.Build.0 = Debug|Any CPU
		{190422F4-AFC4-4A2E-ABBB-B2D1D804FEC8}.Release|Any CPU.ActiveCfg = Release|Any CPU
		{190422F4-AFC4-4A2E-ABBB-B2D1D804FEC8}.Release|Any CPU.Build.0 = Release|Any CPU
		{90AF1F40-1CF5-4082-A523-B9049A94BBE5}.Debug|Any CPU.ActiveCfg = Debug|Any CPU
		{90AF1F40-1CF5-4082-A523-B9049A94BBE5}.Debug|Any CPU.Build.0 = Debug|Any CPU
		{90AF1F40-1CF5-4082-A523-B9049A94BBE5}.Release|Any CPU.ActiveCfg = Release|Any CPU
		{90AF1F40-1CF5-4082-A523-B9049A94BBE5}.Release|Any CPU.Build.0 = Release|Any CPU
		{7C291DC8-7EC9-4081-A180-023C43D6C214}.Debug|Any CPU.ActiveCfg = Debug|Any CPU
		{7C291DC8-7EC9-4081-A180-023C43D6C214}.Debug|Any CPU.Build.0 = Debug|Any CPU
		{7C291DC8-7EC9-4081-A180-023C43D6C214}.Release|Any CPU.ActiveCfg = Release|Any CPU
		{7C291DC8-7EC9-4081-A180-023C43D6C214}.Release|Any CPU.Build.0 = Release|Any CPU
		{32176AE1-DA96-4ED0-B7A4-2ABBA871F398}.Debug|Any CPU.ActiveCfg = Debug|Any CPU
		{32176AE1-DA96-4ED0-B7A4-2ABBA871F398}.Debug|Any CPU.Build.0 = Debug|Any CPU
		{32176AE1-DA96-4ED0-B7A4-2ABBA871F398}.Release|Any CPU.ActiveCfg = Release|Any CPU
		{32176AE1-DA96-4ED0-B7A4-2ABBA871F398}.Release|Any CPU.Build.0 = Release|Any CPU
	EndGlobalSection
	GlobalSection(SolutionProperties) = preSolution
		HideSolutionNode = FALSE
	EndGlobalSection
	GlobalSection(ExtensibilityGlobals) = postSolution
		SolutionGuid = {28BECFB2-75AF-4BA7-B2D4-9034C998E307}
	EndGlobalSection
EndGlobal
